
Microsoft Visual Studio Solution File, Format Version 12.00
# Visual Studio Version 16
VisualStudioVersion = 16.0.29009.5
MinimumVisualStudioVersion = 10.0.40219.1
Project("{2150E333-8FDC-42A3-9474-1A3956D46DE8}") = "src", "src", "{AFAA0841-BD93-466F-B8F4-FB4EEC86F1FC}"
EndProject
Project("{2150E333-8FDC-42A3-9474-1A3956D46DE8}") = "test", "test", "{F10AA149-2626-486E-85BB-9CD5365F3016}"
EndProject
Project("{9A19103F-16F7-4668-BE54-9A1E7A4F7556}") = "Ermes.Web", "src\Ermes.Web\Ermes.Web.csproj", "{A2213374-BB48-48FD-BBD4-81E6A961D866}"
EndProject
Project("{9A19103F-16F7-4668-BE54-9A1E7A4F7556}") = "Ermes.Core", "src\Ermes.Core\Ermes.Core.csproj", "{0FA75A5B-AB83-4FD0-B545-279774C01E87}"
EndProject
Project("{9A19103F-16F7-4668-BE54-9A1E7A4F7556}") = "Ermes.Application", "src\Ermes.Application\Ermes.Application.csproj", "{3870C648-4AEA-4B85-BA3F-F2F63B96136A}"
EndProject
Project("{9A19103F-16F7-4668-BE54-9A1E7A4F7556}") = "Ermes.EntityFrameworkCore", "src\Ermes.EntityFrameworkCore\Ermes.EntityFrameworkCore.csproj", "{DC780BC4-4EAC-4C63-9052-6F3169A59FA4}"
EndProject
Project("{9A19103F-16F7-4668-BE54-9A1E7A4F7556}") = "Ermes.Tests", "test\Ermes.Tests\Ermes.Tests.csproj", "{0D4C5D00-C144-4213-A007-4B8944113AB1}"
EndProject
Project("{9A19103F-16F7-4668-BE54-9A1E7A4F7556}") = "Ermes.Web.Tests", "test\Ermes.Web.Tests\Ermes.Web.Tests.csproj", "{5D441612-29CA-4DAD-9945-B9DE11CE026C}"
EndProject
Project("{9A19103F-16F7-4668-BE54-9A1E7A4F7556}") = "FusionAuthNetCore", "src\FusionAuthNetCore\FusionAuthNetCore.csproj", "{83E32C7C-49CC-4244-9267-7F6941DA301C}"
EndProject
Project("{9A19103F-16F7-4668-BE54-9A1E7A4F7556}") = "Abp.Chatbot", "src\Abp.Chatbot\Abp.Chatbot.csproj", "{34040522-7C26-4A4A-9182-136C4D87E602}"
EndProject
Project("{9A19103F-16F7-4668-BE54-9A1E7A4F7556}") = "Abp.Firebase", "src\Abp.Firebase\Abp.Firebase.csproj", "{9BBEBA4C-CBAA-4016-99AF-7DE6E009753B}"
EndProject
Project("{9A19103F-16F7-4668-BE54-9A1E7A4F7556}") = "Abp.Azure", "src\Abp.Azure\Abp.Azure.csproj", "{AB36BD80-E96F-4149-9203-4DDE38D80A23}"
EndProject
Project("{2150E333-8FDC-42A3-9474-1A3956D46DE8}") = "Solution Items", "Solution Items", "{C1058C0A-78A6-4DDA-952D-E4FE6C49546E}"
	ProjectSection(SolutionItems) = preProject
		.editorconfig = .editorconfig
	EndProjectSection
EndProject
Project("{9A19103F-16F7-4668-BE54-9A1E7A4F7556}") = "Abp.BusProducer", "src\Abp.BusProducer\Abp.BusProducer.csproj", "{D459971C-AFAC-40B5-9ED1-513EF92459A4}"
EndProject
Project("{9A19103F-16F7-4668-BE54-9A1E7A4F7556}") = "Abp.BusConsumer", "src\Abp.BusConsumer\Abp.BusConsumer.csproj", "{9A389ECF-135E-431A-A0E8-58E99EB4A618}"
EndProject
Project("{9A19103F-16F7-4668-BE54-9A1E7A4F7556}") = "Abp.AzureCognitiveServices", "src\Abp.AzureCognitiveServices\Abp.AzureCognitiveServices.csproj", "{D7DB2EB9-AAD1-445E-913D-2505F502AF2D}"
EndProject
Project("{9A19103F-16F7-4668-BE54-9A1E7A4F7556}") = "Abp.SocialMedia", "src\Abp.SocialMedia\Abp.SocialMedia.csproj", "{0B644389-D4A8-4F49-B79E-B5D6D0821E76}"
EndProject
Project("{9A19103F-16F7-4668-BE54-9A1E7A4F7556}") = "Abp.Importer", "src\Abp.Importer\Abp.Importer.csproj", "{D8F161A8-B7ED-40A9-BFCE-05E9724A4BB0}"
EndProject
Global
	GlobalSection(SolutionConfigurationPlatforms) = preSolution
		Debug|Any CPU = Debug|Any CPU
		Release|Any CPU = Release|Any CPU
	EndGlobalSection
	GlobalSection(ProjectConfigurationPlatforms) = postSolution
		{A2213374-BB48-48FD-BBD4-81E6A961D866}.Debug|Any CPU.ActiveCfg = Debug|Any CPU
		{A2213374-BB48-48FD-BBD4-81E6A961D866}.Debug|Any CPU.Build.0 = Debug|Any CPU
		{A2213374-BB48-48FD-BBD4-81E6A961D866}.Release|Any CPU.ActiveCfg = Release|Any CPU
		{A2213374-BB48-48FD-BBD4-81E6A961D866}.Release|Any CPU.Build.0 = Release|Any CPU
		{0FA75A5B-AB83-4FD0-B545-279774C01E87}.Debug|Any CPU.ActiveCfg = Debug|Any CPU
		{0FA75A5B-AB83-4FD0-B545-279774C01E87}.Debug|Any CPU.Build.0 = Debug|Any CPU
		{0FA75A5B-AB83-4FD0-B545-279774C01E87}.Release|Any CPU.ActiveCfg = Release|Any CPU
		{0FA75A5B-AB83-4FD0-B545-279774C01E87}.Release|Any CPU.Build.0 = Release|Any CPU
		{3870C648-4AEA-4B85-BA3F-F2F63B96136A}.Debug|Any CPU.ActiveCfg = Debug|Any CPU
		{3870C648-4AEA-4B85-BA3F-F2F63B96136A}.Debug|Any CPU.Build.0 = Debug|Any CPU
		{3870C648-4AEA-4B85-BA3F-F2F63B96136A}.Release|Any CPU.ActiveCfg = Release|Any CPU
		{3870C648-4AEA-4B85-BA3F-F2F63B96136A}.Release|Any CPU.Build.0 = Release|Any CPU
		{DC780BC4-4EAC-4C63-9052-6F3169A59FA4}.Debug|Any CPU.ActiveCfg = Debug|Any CPU
		{DC780BC4-4EAC-4C63-9052-6F3169A59FA4}.Debug|Any CPU.Build.0 = Debug|Any CPU
		{DC780BC4-4EAC-4C63-9052-6F3169A59FA4}.Release|Any CPU.ActiveCfg = Release|Any CPU
		{DC780BC4-4EAC-4C63-9052-6F3169A59FA4}.Release|Any CPU.Build.0 = Release|Any CPU
		{0D4C5D00-C144-4213-A007-4B8944113AB1}.Debug|Any CPU.ActiveCfg = Debug|Any CPU
		{0D4C5D00-C144-4213-A007-4B8944113AB1}.Debug|Any CPU.Build.0 = Debug|Any CPU
		{0D4C5D00-C144-4213-A007-4B8944113AB1}.Release|Any CPU.ActiveCfg = Release|Any CPU
		{0D4C5D00-C144-4213-A007-4B8944113AB1}.Release|Any CPU.Build.0 = Release|Any CPU
		{5D441612-29CA-4DAD-9945-B9DE11CE026C}.Debug|Any CPU.ActiveCfg = Debug|Any CPU
		{5D441612-29CA-4DAD-9945-B9DE11CE026C}.Debug|Any CPU.Build.0 = Debug|Any CPU
		{5D441612-29CA-4DAD-9945-B9DE11CE026C}.Release|Any CPU.ActiveCfg = Release|Any CPU
		{5D441612-29CA-4DAD-9945-B9DE11CE026C}.Release|Any CPU.Build.0 = Release|Any CPU
		{83E32C7C-49CC-4244-9267-7F6941DA301C}.Debug|Any CPU.ActiveCfg = Debug|Any CPU
		{83E32C7C-49CC-4244-9267-7F6941DA301C}.Debug|Any CPU.Build.0 = Debug|Any CPU
		{83E32C7C-49CC-4244-9267-7F6941DA301C}.Release|Any CPU.ActiveCfg = Release|Any CPU
		{83E32C7C-49CC-4244-9267-7F6941DA301C}.Release|Any CPU.Build.0 = Release|Any CPU
		{34040522-7C26-4A4A-9182-136C4D87E602}.Debug|Any CPU.ActiveCfg = Debug|Any CPU
		{34040522-7C26-4A4A-9182-136C4D87E602}.Debug|Any CPU.Build.0 = Debug|Any CPU
		{34040522-7C26-4A4A-9182-136C4D87E602}.Release|Any CPU.ActiveCfg = Release|Any CPU
		{34040522-7C26-4A4A-9182-136C4D87E602}.Release|Any CPU.Build.0 = Release|Any CPU
		{9BBEBA4C-CBAA-4016-99AF-7DE6E009753B}.Debug|Any CPU.ActiveCfg = Debug|Any CPU
		{9BBEBA4C-CBAA-4016-99AF-7DE6E009753B}.Debug|Any CPU.Build.0 = Debug|Any CPU
		{9BBEBA4C-CBAA-4016-99AF-7DE6E009753B}.Release|Any CPU.ActiveCfg = Release|Any CPU
		{9BBEBA4C-CBAA-4016-99AF-7DE6E009753B}.Release|Any CPU.Build.0 = Release|Any CPU
		{AB36BD80-E96F-4149-9203-4DDE38D80A23}.Debug|Any CPU.ActiveCfg = Debug|Any CPU
		{AB36BD80-E96F-4149-9203-4DDE38D80A23}.Debug|Any CPU.Build.0 = Debug|Any CPU
		{AB36BD80-E96F-4149-9203-4DDE38D80A23}.Release|Any CPU.ActiveCfg = Release|Any CPU
		{AB36BD80-E96F-4149-9203-4DDE38D80A23}.Release|Any CPU.Build.0 = Release|Any CPU
		{D459971C-AFAC-40B5-9ED1-513EF92459A4}.Debug|Any CPU.ActiveCfg = Debug|Any CPU
		{D459971C-AFAC-40B5-9ED1-513EF92459A4}.Debug|Any CPU.Build.0 = Debug|Any CPU
		{D459971C-AFAC-40B5-9ED1-513EF92459A4}.Release|Any CPU.ActiveCfg = Release|Any CPU
		{D459971C-AFAC-40B5-9ED1-513EF92459A4}.Release|Any CPU.Build.0 = Release|Any CPU
		{9A389ECF-135E-431A-A0E8-58E99EB4A618}.Debug|Any CPU.ActiveCfg = Debug|Any CPU
		{9A389ECF-135E-431A-A0E8-58E99EB4A618}.Debug|Any CPU.Build.0 = Debug|Any CPU
		{9A389ECF-135E-431A-A0E8-58E99EB4A618}.Release|Any CPU.ActiveCfg = Release|Any CPU
		{9A389ECF-135E-431A-A0E8-58E99EB4A618}.Release|Any CPU.Build.0 = Release|Any CPU
		{D7DB2EB9-AAD1-445E-913D-2505F502AF2D}.Debug|Any CPU.ActiveCfg = Debug|Any CPU
		{D7DB2EB9-AAD1-445E-913D-2505F502AF2D}.Debug|Any CPU.Build.0 = Debug|Any CPU
		{D7DB2EB9-AAD1-445E-913D-2505F502AF2D}.Release|Any CPU.ActiveCfg = Release|Any CPU
		{D7DB2EB9-AAD1-445E-913D-2505F502AF2D}.Release|Any CPU.Build.0 = Release|Any CPU
		{0B644389-D4A8-4F49-B79E-B5D6D0821E76}.Debug|Any CPU.ActiveCfg = Debug|Any CPU
		{0B644389-D4A8-4F49-B79E-B5D6D0821E76}.Debug|Any CPU.Build.0 = Debug|Any CPU
		{0B644389-D4A8-4F49-B79E-B5D6D0821E76}.Release|Any CPU.ActiveCfg = Release|Any CPU
		{0B644389-D4A8-4F49-B79E-B5D6D0821E76}.Release|Any CPU.Build.0 = Release|Any CPU
		{D8F161A8-B7ED-40A9-BFCE-05E9724A4BB0}.Debug|Any CPU.ActiveCfg = Debug|Any CPU
		{D8F161A8-B7ED-40A9-BFCE-05E9724A4BB0}.Debug|Any CPU.Build.0 = Debug|Any CPU
		{D8F161A8-B7ED-40A9-BFCE-05E9724A4BB0}.Release|Any CPU.ActiveCfg = Release|Any CPU
		{D8F161A8-B7ED-40A9-BFCE-05E9724A4BB0}.Release|Any CPU.Build.0 = Release|Any CPU
	EndGlobalSection
	GlobalSection(SolutionProperties) = preSolution
		HideSolutionNode = FALSE
	EndGlobalSection
	GlobalSection(NestedProjects) = preSolution
		{A2213374-BB48-48FD-BBD4-81E6A961D866} = {AFAA0841-BD93-466F-B8F4-FB4EEC86F1FC}
		{0FA75A5B-AB83-4FD0-B545-279774C01E87} = {AFAA0841-BD93-466F-B8F4-FB4EEC86F1FC}
		{3870C648-4AEA-4B85-BA3F-F2F63B96136A} = {AFAA0841-BD93-466F-B8F4-FB4EEC86F1FC}
		{DC780BC4-4EAC-4C63-9052-6F3169A59FA4} = {AFAA0841-BD93-466F-B8F4-FB4EEC86F1FC}
		{0D4C5D00-C144-4213-A007-4B8944113AB1} = {F10AA149-2626-486E-85BB-9CD5365F3016}
		{5D441612-29CA-4DAD-9945-B9DE11CE026C} = {F10AA149-2626-486E-85BB-9CD5365F3016}
		{83E32C7C-49CC-4244-9267-7F6941DA301C} = {AFAA0841-BD93-466F-B8F4-FB4EEC86F1FC}
		{34040522-7C26-4A4A-9182-136C4D87E602} = {AFAA0841-BD93-466F-B8F4-FB4EEC86F1FC}
		{9BBEBA4C-CBAA-4016-99AF-7DE6E009753B} = {AFAA0841-BD93-466F-B8F4-FB4EEC86F1FC}
		{AB36BD80-E96F-4149-9203-4DDE38D80A23} = {AFAA0841-BD93-466F-B8F4-FB4EEC86F1FC}
		{D459971C-AFAC-40B5-9ED1-513EF92459A4} = {AFAA0841-BD93-466F-B8F4-FB4EEC86F1FC}
		{9A389ECF-135E-431A-A0E8-58E99EB4A618} = {AFAA0841-BD93-466F-B8F4-FB4EEC86F1FC}
		{D7DB2EB9-AAD1-445E-913D-2505F502AF2D} = {AFAA0841-BD93-466F-B8F4-FB4EEC86F1FC}
		{0B644389-D4A8-4F49-B79E-B5D6D0821E76} = {AFAA0841-BD93-466F-B8F4-FB4EEC86F1FC}
		{D8F161A8-B7ED-40A9-BFCE-05E9724A4BB0} = {AFAA0841-BD93-466F-B8F4-FB4EEC86F1FC}
	EndGlobalSection
	GlobalSection(ExtensibilityGlobals) = postSolution
		SolutionGuid = {B516B1E8-1CEC-4BCC-BA92-93CB32845E37}
	EndGlobalSection
EndGlobal
